
Microsoft Visual Studio Solution File, Format Version 12.00
Project("{FAE04EC0-301F-11D3-BF4B-00C04F79EFBC}") = "CLI", "CLI\CLI.csproj", "{5874E5DF-E69E-481D-B69F-F47C157A081C}"
EndProject
Global
	GlobalSection(SolutionConfigurationPlatforms) = preSolution
		Debug|Any CPU = Debug|Any CPU
		Release|Any CPU = Release|Any CPU
	EndGlobalSection
	GlobalSection(ProjectConfigurationPlatforms) = postSolution
		{5874E5DF-E69E-481D-B69F-F47C157A081C}.Debug|Any CPU.ActiveCfg = Debug|Any CPU
		{5874E5DF-E69E-481D-B69F-F47C157A081C}.Debug|Any CPU.Build.0 = Debug|Any CPU
		{5874E5DF-E69E-481D-B69F-F47C157A081C}.Release|Any CPU.ActiveCfg = Release|Any CPU
		{5874E5DF-E69E-481D-B69F-F47C157A081C}.Release|Any CPU.Build.0 = Release|Any CPU
	EndGlobalSection
EndGlobal
